
Microsoft Visual Studio Solution File, Format Version 12.00
# Visual Studio Version 17
VisualStudioVersion = 17.2.32630.192
MinimumVisualStudioVersion = 10.0.40219.1
Project("{FAE04EC0-301F-11D3-BF4B-00C04F79EFBC}") = "LeetCodeProblems", "LeetCodeProblems\LeetCodeProblems.csproj", "{635A4621-391F-4B9D-8F91-FA56BF65931D}"
EndProject
Project("{2150E333-8FDC-42A3-9474-1A3956D46DE8}") = "Solution Items", "Solution Items", "{684C85BA-872C-4D63-92FD-B8C8A98F6918}"
	ProjectSection(SolutionItems) = preProject
		.editorconfig = .editorconfig
	EndProjectSection
EndProject
Global
	GlobalSection(SolutionConfigurationPlatforms) = preSolution
		Debug|Any CPU = Debug|Any CPU
		Release|Any CPU = Release|Any CPU
	EndGlobalSection
	GlobalSection(ProjectConfigurationPlatforms) = postSolution
		{635A4621-391F-4B9D-8F91-FA56BF65931D}.Debug|Any CPU.ActiveCfg = Debug|Any CPU
		{635A4621-391F-4B9D-8F91-FA56BF65931D}.Debug|Any CPU.Build.0 = Debug|Any CPU
		{635A4621-391F-4B9D-8F91-FA56BF65931D}.Release|Any CPU.ActiveCfg = Release|Any CPU
		{635A4621-391F-4B9D-8F91-FA56BF65931D}.Release|Any CPU.Build.0 = Release|Any CPU
	EndGlobalSection
	GlobalSection(SolutionProperties) = preSolution
		HideSolutionNode = FALSE
	EndGlobalSection
	GlobalSection(ExtensibilityGlobals) = postSolution
		SolutionGuid = {7F751769-5579-49D8-A34F-1A037FE47FA0}
	EndGlobalSection
EndGlobal
